
Microsoft Visual Studio Solution File, Format Version 12.00
# Visual Studio Version 17
VisualStudioVersion = 17.9.34714.143
MinimumVisualStudioVersion = 10.0.40219.1
Project("{FAE04EC0-301F-11D3-BF4B-00C04F79EFBC}") = "MyPrintDemo", "MyPrintDemo\MyPrintDemo.csproj", "{4E095F4D-043E-4C98-AD82-8253E2325C5E}"
EndProject
Global
	GlobalSection(SolutionConfigurationPlatforms) = preSolution
		Debug|Any CPU = Debug|Any CPU
		Release|Any CPU = Release|Any CPU
	EndGlobalSection
	GlobalSection(ProjectConfigurationPlatforms) = postSolution
		{4E095F4D-043E-4C98-AD82-8253E2325C5E}.Debug|Any CPU.ActiveCfg = Debug|Any CPU
		{4E095F4D-043E-4C98-AD82-8253E2325C5E}.Debug|Any CPU.Build.0 = Debug|Any CPU
		{4E095F4D-043E-4C98-AD82-8253E2325C5E}.Release|Any CPU.ActiveCfg = Release|Any CPU
		{4E095F4D-043E-4C98-AD82-8253E2325C5E}.Release|Any CPU.Build.0 = Release|Any CPU
	EndGlobalSection
	GlobalSection(SolutionProperties) = preSolution
		HideSolutionNode = FALSE
	EndGlobalSection
	GlobalSection(ExtensibilityGlobals) = postSolution
		SolutionGuid = {88F3A0C6-0FC2-42FD-ACBC-CD12CA8FA951}
	EndGlobalSection
EndGlobal
