
Microsoft Visual Studio Solution File, Format Version 12.00
# Visual Studio Version 17
VisualStudioVersion = 17.9.34714.143
MinimumVisualStudioVersion = 10.0.40219.1
Project("{9A19103F-16F7-4668-BE54-9A1E7A4F7556}") = "MyPrintDemo", "MyPrintDemo\MyPrintDemo.csproj", "{4E095F4D-043E-4C98-AD82-8253E2325C5E}"
EndProject
Project("{9A19103F-16F7-4668-BE54-9A1E7A4F7556}") = "MyPrintDemo.Test", "MyPrintDemo.Test\MyPrintDemo.Test.csproj", "{9080A830-DC78-4B1B-AF4F-AB1D40F1B0D6}"
	ProjectSection(ProjectDependencies) = postProject
		{4E095F4D-043E-4C98-AD82-8253E2325C5E} = {4E095F4D-043E-4C98-AD82-8253E2325C5E}
	EndProjectSection
EndProject
Project("{9A19103F-16F7-4668-BE54-9A1E7A4F7556}") = "MyPrintDemo.BLL", "MyPrintDemo.BLL\MyPrintDemo.BLL.csproj", "{961B64FB-36F9-44E1-B2B3-EB1471E9A819}"
	ProjectSection(ProjectDependencies) = postProject
		{4E095F4D-043E-4C98-AD82-8253E2325C5E} = {4E095F4D-043E-4C98-AD82-8253E2325C5E}
	EndProjectSection
EndProject
Project("{FAE04EC0-301F-11D3-BF4B-00C04F79EFBC}") = "MyPrintDemo.WPF", "MyPrintDemo.WPF\MyPrintDemo.WPF.csproj", "{C0B86295-9479-46C5-9884-972B31DB3FFA}"
	ProjectSection(ProjectDependencies) = postProject
		{961B64FB-36F9-44E1-B2B3-EB1471E9A819} = {961B64FB-36F9-44E1-B2B3-EB1471E9A819}
	EndProjectSection
EndProject
Global
	GlobalSection(SolutionConfigurationPlatforms) = preSolution
		Debug|Any CPU = Debug|Any CPU
		Release|Any CPU = Release|Any CPU
	EndGlobalSection
	GlobalSection(ProjectConfigurationPlatforms) = postSolution
		{4E095F4D-043E-4C98-AD82-8253E2325C5E}.Debug|Any CPU.ActiveCfg = Debug|Any CPU
		{4E095F4D-043E-4C98-AD82-8253E2325C5E}.Debug|Any CPU.Build.0 = Debug|Any CPU
		{4E095F4D-043E-4C98-AD82-8253E2325C5E}.Release|Any CPU.ActiveCfg = Release|Any CPU
		{4E095F4D-043E-4C98-AD82-8253E2325C5E}.Release|Any CPU.Build.0 = Release|Any CPU
		{9080A830-DC78-4B1B-AF4F-AB1D40F1B0D6}.Debug|Any CPU.ActiveCfg = Debug|Any CPU
		{9080A830-DC78-4B1B-AF4F-AB1D40F1B0D6}.Debug|Any CPU.Build.0 = Debug|Any CPU
		{9080A830-DC78-4B1B-AF4F-AB1D40F1B0D6}.Release|Any CPU.ActiveCfg = Release|Any CPU
		{9080A830-DC78-4B1B-AF4F-AB1D40F1B0D6}.Release|Any CPU.Build.0 = Release|Any CPU
		{961B64FB-36F9-44E1-B2B3-EB1471E9A819}.Debug|Any CPU.ActiveCfg = Debug|Any CPU
		{961B64FB-36F9-44E1-B2B3-EB1471E9A819}.Debug|Any CPU.Build.0 = Debug|Any CPU
		{961B64FB-36F9-44E1-B2B3-EB1471E9A819}.Release|Any CPU.ActiveCfg = Release|Any CPU
		{961B64FB-36F9-44E1-B2B3-EB1471E9A819}.Release|Any CPU.Build.0 = Release|Any CPU
		{C0B86295-9479-46C5-9884-972B31DB3FFA}.Debug|Any CPU.ActiveCfg = Debug|Any CPU
		{C0B86295-9479-46C5-9884-972B31DB3FFA}.Debug|Any CPU.Build.0 = Debug|Any CPU
		{C0B86295-9479-46C5-9884-972B31DB3FFA}.Release|Any CPU.ActiveCfg = Release|Any CPU
		{C0B86295-9479-46C5-9884-972B31DB3FFA}.Release|Any CPU.Build.0 = Release|Any CPU
	EndGlobalSection
	GlobalSection(SolutionProperties) = preSolution
		HideSolutionNode = FALSE
	EndGlobalSection
	GlobalSection(ExtensibilityGlobals) = postSolution
		SolutionGuid = {88F3A0C6-0FC2-42FD-ACBC-CD12CA8FA951}
	EndGlobalSection
EndGlobal
